// !$*UTF8*$!
{
	archiveVersion = 1;
	classes = {
	};
	objectVersion = 77;
	objects = {

/* Begin PBXBuildFile section */
		AEFD69F62F105903004D6548 /* ReactivAppClip.app in Embed App Clips */ = {isa = PBXBuildFile; fileRef = AEFD69EA2F105900004D6548 /* ReactivAppClip.app */; settings = {ATTRIBUTES = (RemoveHeadersOnCopy, ); }; };
/* End PBXBuildFile section */

/* Begin PBXContainerItemProxy section */
		AEEFBA332F1478DC0081C5ED /* PBXContainerItemProxy */ = {
			isa = PBXContainerItemProxy;
			containerPortal = AEFD69CA2F1058A4004D6548 /* Project object */;
			proxyType = 1;
			remoteGlobalIDString = AEFD69D12F1058A4004D6548;
			remoteInfo = Reactiv;
		};
		AEFD69F42F105903004D6548 /* PBXContainerItemProxy */ = {
			isa = PBXContainerItemProxy;
			containerPortal = AEFD69CA2F1058A4004D6548 /* Project object */;
			proxyType = 1;
			remoteGlobalIDString = AEFD69E92F105900004D6548;
			remoteInfo = ReactivAppClip;
		};
/* End PBXContainerItemProxy section */

/* Begin PBXCopyFilesBuildPhase section */
		AEFD69F72F105903004D6548 /* Embed App Clips */ = {
			isa = PBXCopyFilesBuildPhase;
			buildActionMask = 2147483647;
			dstPath = "$(CONTENTS_FOLDER_PATH)/AppClips";
			dstSubfolderSpec = 16;
			files = (
				AEFD69F62F105903004D6548 /* ReactivAppClip.app in Embed App Clips */,
			);
			name = "Embed App Clips";
			runOnlyForDeploymentPostprocessing = 0;
		};
/* End PBXCopyFilesBuildPhase section */

/* Begin PBXFileReference section */
		AEEFBA2F2F1478DC0081C5ED /* ReactivTests.xctest */ = {isa = PBXFileReference; explicitFileType = wrapper.cfbundle; includeInIndex = 0; path = ReactivTests.xctest; sourceTree = BUILT_PRODUCTS_DIR; };
		AEFD69D22F1058A4004D6548 /* Reactiv.app */ = {isa = PBXFileReference; explicitFileType = wrapper.application; includeInIndex = 0; path = Reactiv.app; sourceTree = BUILT_PRODUCTS_DIR; };
		AEFD69EA2F105900004D6548 /* ReactivAppClip.app */ = {isa = PBXFileReference; explicitFileType = wrapper.application; includeInIndex = 0; path = ReactivAppClip.app; sourceTree = BUILT_PRODUCTS_DIR; };
/* End PBXFileReference section */

/* Begin PBXFileSystemSynchronizedBuildFileExceptionSet section */
		AE81D54E2F155A2900B498B9 /* Exceptions for "Reactiv" folder in "Reactiv" target */ = {
			isa = PBXFileSystemSynchronizedBuildFileExceptionSet;
			membershipExceptions = (
				Resources/Reactiv.xctestplan,
			);
			target = AEFD69D12F1058A4004D6548 /* Reactiv */;
		};
		AEEFBA392F1479960081C5ED /* Exceptions for "Reactiv" folder in "ReactivAppClip" target */ = {
			isa = PBXFileSystemSynchronizedBuildFileExceptionSet;
			membershipExceptions = (
				App/ContentView.swift,
				App/Utilities.swift,
				CartScreen/CartController.swift,
				CartScreen/CartEntryRow.swift,
				CartScreen/CartScreen.swift,
				CartScreen/QuantityStepper/QuantityStepper.swift,
				CartScreen/QuantityStepper/QuantityStepperController.swift,
				Models/CartEntry.swift,
				Models/Product.swift,
				ProductDetailScreen/ProductDetailController.swift,
				ProductDetailScreen/ProductDetailScreen.swift,
				ProductListScreen/ProductListCard.swift,
				ProductListScreen/ProductListController.swift,
				ProductListScreen/ProductListScreen.swift,
				Repositories/CartRepository.swift,
				Repositories/ProductRepository.swift,
			);
			target = AEFD69E92F105900004D6548 /* ReactivAppClip */;
		};
		AEFD69FA2F105903004D6548 /* Exceptions for "ReactivAppClip" folder in "ReactivAppClip" target */ = {
			isa = PBXFileSystemSynchronizedBuildFileExceptionSet;
			membershipExceptions = (
				Info.plist,
			);
			target = AEFD69E92F105900004D6548 /* ReactivAppClip */;
		};
/* End PBXFileSystemSynchronizedBuildFileExceptionSet section */

/* Begin PBXFileSystemSynchronizedRootGroup section */
		AEEFBA302F1478DC0081C5ED /* ReactivTests */ = {
			isa = PBXFileSystemSynchronizedRootGroup;
			path = ReactivTests;
			sourceTree = "<group>";
		};
		AEFD69D42F1058A4004D6548 /* Reactiv */ = {
			isa = PBXFileSystemSynchronizedRootGroup;
			exceptions = (
				AE81D54E2F155A2900B498B9 /* Exceptions for "Reactiv" folder in "Reactiv" target */,
				AEEFBA392F1479960081C5ED /* Exceptions for "Reactiv" folder in "ReactivAppClip" target */,
			);
			path = Reactiv;
			sourceTree = "<group>";
		};
		AEFD69EB2F105900004D6548 /* ReactivAppClip */ = {
			isa = PBXFileSystemSynchronizedRootGroup;
			exceptions = (
				AEFD69FA2F105903004D6548 /* Exceptions for "ReactivAppClip" folder in "ReactivAppClip" target */,
			);
			path = ReactivAppClip;
			sourceTree = "<group>";
		};
/* End PBXFileSystemSynchronizedRootGroup section */

/* Begin PBXFrameworksBuildPhase section */
		AEEFBA2C2F1478DC0081C5ED /* Frameworks */ = {
			isa = PBXFrameworksBuildPhase;
			buildActionMask = 2147483647;
			files = (
			);
			runOnlyForDeploymentPostprocessing = 0;
		};
		AEFD69CF2F1058A4004D6548 /* Frameworks */ = {
			isa = PBXFrameworksBuildPhase;
			buildActionMask = 2147483647;
			files = (
			);
			runOnlyForDeploymentPostprocessing = 0;
		};
		AEFD69E72F105900004D6548 /* Frameworks */ = {
			isa = PBXFrameworksBuildPhase;
			buildActionMask = 2147483647;
			files = (
			);
			runOnlyForDeploymentPostprocessing = 0;
		};
/* End PBXFrameworksBuildPhase section */

/* Begin PBXGroup section */
		AEFD69C92F1058A4004D6548 = {
			isa = PBXGroup;
			children = (
				AEFD69D42F1058A4004D6548 /* Reactiv */,
				AEFD69EB2F105900004D6548 /* ReactivAppClip */,
				AEEFBA302F1478DC0081C5ED /* ReactivTests */,
				AEFD69D32F1058A4004D6548 /* Products */,
			);
			sourceTree = "<group>";
		};
		AEFD69D32F1058A4004D6548 /* Products */ = {
			isa = PBXGroup;
			children = (
				AEFD69D22F1058A4004D6548 /* Reactiv.app */,
				AEFD69EA2F105900004D6548 /* ReactivAppClip.app */,
				AEEFBA2F2F1478DC0081C5ED /* ReactivTests.xctest */,
			);
			name = Products;
			sourceTree = "<group>";
		};
/* End PBXGroup section */

/* Begin PBXNativeTarget section */
		AEEFBA2E2F1478DC0081C5ED /* ReactivTests */ = {
			isa = PBXNativeTarget;
			buildConfigurationList = AEEFBA372F1478DC0081C5ED /* Build configuration list for PBXNativeTarget "ReactivTests" */;
			buildPhases = (
				AEEFBA2B2F1478DC0081C5ED /* Sources */,
				AEEFBA2C2F1478DC0081C5ED /* Frameworks */,
				AEEFBA2D2F1478DC0081C5ED /* Resources */,
			);
			buildRules = (
			);
			dependencies = (
				AEEFBA342F1478DC0081C5ED /* PBXTargetDependency */,
			);
			fileSystemSynchronizedGroups = (
				AEEFBA302F1478DC0081C5ED /* ReactivTests */,
			);
			name = ReactivTests;
			packageProductDependencies = (
			);
			productName = ReactivTests;
			productReference = AEEFBA2F2F1478DC0081C5ED /* ReactivTests.xctest */;
			productType = "com.apple.product-type.bundle.unit-test";
		};
		AEFD69D12F1058A4004D6548 /* Reactiv */ = {
			isa = PBXNativeTarget;
			buildConfigurationList = AEFD69DD2F1058A5004D6548 /* Build configuration list for PBXNativeTarget "Reactiv" */;
			buildPhases = (
				AEFD69CE2F1058A4004D6548 /* Sources */,
				AEFD69CF2F1058A4004D6548 /* Frameworks */,
				AEFD69D02F1058A4004D6548 /* Resources */,
				AEFD69F72F105903004D6548 /* Embed App Clips */,
			);
			buildRules = (
			);
			dependencies = (
				AEFD69F52F105903004D6548 /* PBXTargetDependency */,
			);
			fileSystemSynchronizedGroups = (
				AEFD69D42F1058A4004D6548 /* Reactiv */,
			);
			name = Reactiv;
			packageProductDependencies = (
			);
			productName = Reactiv;
			productReference = AEFD69D22F1058A4004D6548 /* Reactiv.app */;
			productType = "com.apple.product-type.application";
		};
		AEFD69E92F105900004D6548 /* ReactivAppClip */ = {
			isa = PBXNativeTarget;
			buildConfigurationList = AEFD69FB2F105903004D6548 /* Build configuration list for PBXNativeTarget "ReactivAppClip" */;
			buildPhases = (
				AEFD69E62F105900004D6548 /* Sources */,
				AEFD69E72F105900004D6548 /* Frameworks */,
				AEFD69E82F105900004D6548 /* Resources */,
			);
			buildRules = (
			);
			dependencies = (
			);
			fileSystemSynchronizedGroups = (
				AEFD69EB2F105900004D6548 /* ReactivAppClip */,
			);
			name = ReactivAppClip;
			packageProductDependencies = (
			);
			productName = ReactivAppClip;
			productReference = AEFD69EA2F105900004D6548 /* ReactivAppClip.app */;
			productType = "com.apple.product-type.application.on-demand-install-capable";
		};
/* End PBXNativeTarget section */

/* Begin PBXProject section */
		AEFD69CA2F1058A4004D6548 /* Project object */ = {
			isa = PBXProject;
			attributes = {
				BuildIndependentTargetsInParallel = 1;
				LastSwiftUpdateCheck = 2620;
				LastUpgradeCheck = 2620;
				TargetAttributes = {
					AEEFBA2E2F1478DC0081C5ED = {
						CreatedOnToolsVersion = 26.2;
						TestTargetID = AEFD69D12F1058A4004D6548;
					};
					AEFD69D12F1058A4004D6548 = {
						CreatedOnToolsVersion = 26.2;
					};
					AEFD69E92F105900004D6548 = {
						CreatedOnToolsVersion = 26.2;
					};
				};
			};
			buildConfigurationList = AEFD69CD2F1058A4004D6548 /* Build configuration list for PBXProject "Reactiv" */;
			developmentRegion = en;
			hasScannedForEncodings = 0;
			knownRegions = (
				en,
				Base,
			);
			mainGroup = AEFD69C92F1058A4004D6548;
			minimizedProjectReferenceProxies = 1;
			preferredProjectObjectVersion = 77;
			productRefGroup = AEFD69D32F1058A4004D6548 /* Products */;
			projectDirPath = "";
			projectRoot = "";
			targets = (
				AEFD69D12F1058A4004D6548 /* Reactiv */,
				AEFD69E92F105900004D6548 /* ReactivAppClip */,
				AEEFBA2E2F1478DC0081C5ED /* ReactivTests */,
			);
		};
/* End PBXProject section */

/* Begin PBXResourcesBuildPhase section */
		AEEFBA2D2F1478DC0081C5ED /* Resources */ = {
			isa = PBXResourcesBuildPhase;
			buildActionMask = 2147483647;
			files = (
			);
			runOnlyForDeploymentPostprocessing = 0;
		};
		AEFD69D02F1058A4004D6548 /* Resources */ = {
			isa = PBXResourcesBuildPhase;
			buildActionMask = 2147483647;
			files = (
			);
			runOnlyForDeploymentPostprocessing = 0;
		};
		AEFD69E82F105900004D6548 /* Resources */ = {
			isa = PBXResourcesBuildPhase;
			buildActionMask = 2147483647;
			files = (
			);
			runOnlyForDeploymentPostprocessing = 0;
		};
/* End PBXResourcesBuildPhase section */

/* Begin PBXSourcesBuildPhase section */
		AEEFBA2B2F1478DC0081C5ED /* Sources */ = {
			isa = PBXSourcesBuildPhase;
			buildActionMask = 2147483647;
			files = (
			);
			runOnlyForDeploymentPostprocessing = 0;
		};
		AEFD69CE2F1058A4004D6548 /* Sources */ = {
			isa = PBXSourcesBuildPhase;
			buildActionMask = 2147483647;
			files = (
			);
			runOnlyForDeploymentPostprocessing = 0;
		};
		AEFD69E62F105900004D6548 /* Sources */ = {
			isa = PBXSourcesBuildPhase;
			buildActionMask = 2147483647;
			files = (
			);
			runOnlyForDeploymentPostprocessing = 0;
		};
/* End PBXSourcesBuildPhase section */

/* Begin PBXTargetDependency section */
		AEEFBA342F1478DC0081C5ED /* PBXTargetDependency */ = {
			isa = PBXTargetDependency;
			target = AEFD69D12F1058A4004D6548 /* Reactiv */;
			targetProxy = AEEFBA332F1478DC0081C5ED /* PBXContainerItemProxy */;
		};
		AEFD69F52F105903004D6548 /* PBXTargetDependency */ = {
			isa = PBXTargetDependency;
			target = AEFD69E92F105900004D6548 /* ReactivAppClip */;
			targetProxy = AEFD69F42F105903004D6548 /* PBXContainerItemProxy */;
		};
/* End PBXTargetDependency section */

/* Begin XCBuildConfiguration section */
		AEEFBA352F1478DC0081C5ED /* Debug */ = {
			isa = XCBuildConfiguration;
			buildSettings = {
				BUNDLE_LOADER = "$(TEST_HOST)";
				CODE_SIGN_STYLE = Automatic;
				CURRENT_PROJECT_VERSION = 1;
				GENERATE_INFOPLIST_FILE = YES;
				MARKETING_VERSION = 1.0;
				PRODUCT_BUNDLE_IDENTIFIER = com.example.ReactivTests;
				PRODUCT_NAME = "$(TARGET_NAME)";
				STRING_CATALOG_GENERATE_SYMBOLS = NO;
				SWIFT_APPROACHABLE_CONCURRENCY = YES;
				SWIFT_EMIT_LOC_STRINGS = NO;
				SWIFT_UPCOMING_FEATURE_MEMBER_IMPORT_VISIBILITY = YES;
				SWIFT_VERSION = 5.0;
				TARGETED_DEVICE_FAMILY = "1,2";
				TEST_HOST = "$(BUILT_PRODUCTS_DIR)/Reactiv.app/$(BUNDLE_EXECUTABLE_FOLDER_PATH)/Reactiv";
			};
			name = Debug;
		};
		AEEFBA362F1478DC0081C5ED /* Release */ = {
			isa = XCBuildConfiguration;
			buildSettings = {
				BUNDLE_LOADER = "$(TEST_HOST)";
				CODE_SIGN_STYLE = Automatic;
				CURRENT_PROJECT_VERSION = 1;
				GENERATE_INFOPLIST_FILE = YES;
				MARKETING_VERSION = 1.0;
				PRODUCT_BUNDLE_IDENTIFIER = com.example.ReactivTests;
				PRODUCT_NAME = "$(TARGET_NAME)";
				STRING_CATALOG_GENERATE_SYMBOLS = NO;
				SWIFT_APPROACHABLE_CONCURRENCY = YES;
				SWIFT_EMIT_LOC_STRINGS = NO;
				SWIFT_UPCOMING_FEATURE_MEMBER_IMPORT_VISIBILITY = YES;
				SWIFT_VERSION = 5.0;
				TARGETED_DEVICE_FAMILY = "1,2";
				TEST_HOST = "$(BUILT_PRODUCTS_DIR)/Reactiv.app/$(BUNDLE_EXECUTABLE_FOLDER_PATH)/Reactiv";
			};
			name = Release;
		};
		AEFD69DB2F1058A5004D6548 /* Debug */ = {
			isa = XCBuildConfiguration;
			buildSettings = {
				ALWAYS_SEARCH_USER_PATHS = NO;
				ASSETCATALOG_COMPILER_GENERATE_SWIFT_ASSET_SYMBOL_EXTENSIONS = YES;
				CLANG_ANALYZER_NONNULL = YES;
				CLANG_ANALYZER_NUMBER_OBJECT_CONVERSION = YES_AGGRESSIVE;
				CLANG_CXX_LANGUAGE_STANDARD = "gnu++20";
				CLANG_ENABLE_MODULES = YES;
				CLANG_ENABLE_OBJC_ARC = YES;
				CLANG_ENABLE_OBJC_WEAK = YES;
				CLANG_WARN_BLOCK_CAPTURE_AUTORELEASING = YES;
				CLANG_WARN_BOOL_CONVERSION = YES;
				CLANG_WARN_COMMA = YES;
				CLANG_WARN_CONSTANT_CONVERSION = YES;
				CLANG_WARN_DEPRECATED_OBJC_IMPLEMENTATIONS = YES;
				CLANG_WARN_DIRECT_OBJC_ISA_USAGE = YES_ERROR;
				CLANG_WARN_DOCUMENTATION_COMMENTS = YES;
				CLANG_WARN_EMPTY_BODY = YES;
				CLANG_WARN_ENUM_CONVERSION = YES;
				CLANG_WARN_INFINITE_RECURSION = YES;
				CLANG_WARN_INT_CONVERSION = YES;
				CLANG_WARN_NON_LITERAL_NULL_CONVERSION = YES;
				CLANG_WARN_OBJC_IMPLICIT_RETAIN_SELF = YES;
				CLANG_WARN_OBJC_LITERAL_CONVERSION = YES;
				CLANG_WARN_OBJC_ROOT_CLASS = YES_ERROR;
				CLANG_WARN_QUOTED_INCLUDE_IN_FRAMEWORK_HEADER = YES;
				CLANG_WARN_RANGE_LOOP_ANALYSIS = YES;
				CLANG_WARN_STRICT_PROTOTYPES = YES;
				CLANG_WARN_SUSPICIOUS_MOVE = YES;
				CLANG_WARN_UNGUARDED_AVAILABILITY = YES_AGGRESSIVE;
				CLANG_WARN_UNREACHABLE_CODE = YES;
				CLANG_WARN__DUPLICATE_METHOD_MATCH = YES;
				COPY_PHASE_STRIP = NO;
				DEBUG_INFORMATION_FORMAT = dwarf;
				ENABLE_STRICT_OBJC_MSGSEND = YES;
				ENABLE_TESTABILITY = YES;
				ENABLE_USER_SCRIPT_SANDBOXING = YES;
				GCC_C_LANGUAGE_STANDARD = gnu17;
				GCC_DYNAMIC_NO_PIC = NO;
				GCC_NO_COMMON_BLOCKS = YES;
				GCC_OPTIMIZATION_LEVEL = 0;
				GCC_PREPROCESSOR_DEFINITIONS = (
					"DEBUG=1",
					"$(inherited)",
				);
				GCC_WARN_64_TO_32_BIT_CONVERSION = YES;
				GCC_WARN_ABOUT_RETURN_TYPE = YES_ERROR;
				GCC_WARN_UNDECLARED_SELECTOR = YES;
				GCC_WARN_UNINITIALIZED_AUTOS = YES_AGGRESSIVE;
				GCC_WARN_UNUSED_FUNCTION = YES;
				GCC_WARN_UNUSED_VARIABLE = YES;
				IPHONEOS_DEPLOYMENT_TARGET = 26.2;
				LOCALIZATION_PREFERS_STRING_CATALOGS = YES;
				MTL_ENABLE_DEBUG_INFO = INCLUDE_SOURCE;
				MTL_FAST_MATH = YES;
				ONLY_ACTIVE_ARCH = YES;
				SDKROOT = iphoneos;
				SWIFT_ACTIVE_COMPILATION_CONDITIONS = "DEBUG $(inherited)";
				SWIFT_APPROACHABLE_CONCURRENCY = YES;
				SWIFT_DEFAULT_ACTOR_ISOLATION = MainActor;
				SWIFT_OPTIMIZATION_LEVEL = "-Onone";
				SWIFT_VERSION = 6.0;
			};
			name = Debug;
		};
		AEFD69DC2F1058A5004D6548 /* Release */ = {
			isa = XCBuildConfiguration;
			buildSettings = {
				ALWAYS_SEARCH_USER_PATHS = NO;
				ASSETCATALOG_COMPILER_GENERATE_SWIFT_ASSET_SYMBOL_EXTENSIONS = YES;
				CLANG_ANALYZER_NONNULL = YES;
				CLANG_ANALYZER_NUMBER_OBJECT_CONVERSION = YES_AGGRESSIVE;
				CLANG_CXX_LANGUAGE_STANDARD = "gnu++20";
				CLANG_ENABLE_MODULES = YES;
				CLANG_ENABLE_OBJC_ARC = YES;
				CLANG_ENABLE_OBJC_WEAK = YES;
				CLANG_WARN_BLOCK_CAPTURE_AUTORELEASING = YES;
				CLANG_WARN_BOOL_CONVERSION = YES;
				CLANG_WARN_COMMA = YES;
				CLANG_WARN_CONSTANT_CONVERSION = YES;
				CLANG_WARN_DEPRECATED_OBJC_IMPLEMENTATIONS = YES;
				CLANG_WARN_DIRECT_OBJC_ISA_USAGE = YES_ERROR;
				CLANG_WARN_DOCUMENTATION_COMMENTS = YES;
				CLANG_WARN_EMPTY_BODY = YES;
				CLANG_WARN_ENUM_CONVERSION = YES;
				CLANG_WARN_INFINITE_RECURSION = YES;
				CLANG_WARN_INT_CONVERSION = YES;
				CLANG_WARN_NON_LITERAL_NULL_CONVERSION = YES;
				CLANG_WARN_OBJC_IMPLICIT_RETAIN_SELF = YES;
				CLANG_WARN_OBJC_LITERAL_CONVERSION = YES;
				CLANG_WARN_OBJC_ROOT_CLASS = YES_ERROR;
				CLANG_WARN_QUOTED_INCLUDE_IN_FRAMEWORK_HEADER = YES;
				CLANG_WARN_RANGE_LOOP_ANALYSIS = YES;
				CLANG_WARN_STRICT_PROTOTYPES = YES;
				CLANG_WARN_SUSPICIOUS_MOVE = YES;
				CLANG_WARN_UNGUARDED_AVAILABILITY = YES_AGGRESSIVE;
				CLANG_WARN_UNREACHABLE_CODE = YES;
				CLANG_WARN__DUPLICATE_METHOD_MATCH = YES;
				COPY_PHASE_STRIP = NO;
				DEBUG_INFORMATION_FORMAT = "dwarf-with-dsym";
				ENABLE_NS_ASSERTIONS = NO;
				ENABLE_STRICT_OBJC_MSGSEND = YES;
				ENABLE_USER_SCRIPT_SANDBOXING = YES;
				GCC_C_LANGUAGE_STANDARD = gnu17;
				GCC_NO_COMMON_BLOCKS = YES;
				GCC_WARN_64_TO_32_BIT_CONVERSION = YES;
				GCC_WARN_ABOUT_RETURN_TYPE = YES_ERROR;
				GCC_WARN_UNDECLARED_SELECTOR = YES;
				GCC_WARN_UNINITIALIZED_AUTOS = YES_AGGRESSIVE;
				GCC_WARN_UNUSED_FUNCTION = YES;
				GCC_WARN_UNUSED_VARIABLE = YES;
				IPHONEOS_DEPLOYMENT_TARGET = 26.2;
				LOCALIZATION_PREFERS_STRING_CATALOGS = YES;
				MTL_ENABLE_DEBUG_INFO = NO;
				MTL_FAST_MATH = YES;
				SDKROOT = iphoneos;
				SWIFT_APPROACHABLE_CONCURRENCY = YES;
				SWIFT_COMPILATION_MODE = wholemodule;
				SWIFT_DEFAULT_ACTOR_ISOLATION = MainActor;
				SWIFT_VERSION = 6.0;
				VALIDATE_PRODUCT = YES;
			};
			name = Release;
		};
		AEFD69DE2F1058A5004D6548 /* Debug */ = {
			isa = XCBuildConfiguration;
			buildSettings = {
				ASSETCATALOG_COMPILER_APPICON_NAME = AppIcon;
				ASSETCATALOG_COMPILER_GLOBAL_ACCENT_COLOR_NAME = AccentColor;
				CODE_SIGN_STYLE = Automatic;
				CURRENT_PROJECT_VERSION = 1;
				ENABLE_PREVIEWS = YES;
				GENERATE_INFOPLIST_FILE = YES;
				INFOPLIST_KEY_UIApplicationSceneManifest_Generation = YES;
				INFOPLIST_KEY_UIApplicationSupportsIndirectInputEvents = YES;
				INFOPLIST_KEY_UILaunchScreen_Generation = YES;
				INFOPLIST_KEY_UISupportedInterfaceOrientations_iPad = "UIInterfaceOrientationPortrait UIInterfaceOrientationPortraitUpsideDown UIInterfaceOrientationLandscapeLeft UIInterfaceOrientationLandscapeRight";
				INFOPLIST_KEY_UISupportedInterfaceOrientations_iPhone = "UIInterfaceOrientationPortrait UIInterfaceOrientationLandscapeLeft UIInterfaceOrientationLandscapeRight";
				LD_RUNPATH_SEARCH_PATHS = (
					"$(inherited)",
					"@executable_path/Frameworks",
				);
				MARKETING_VERSION = 1.0;
				PRODUCT_BUNDLE_IDENTIFIER = com.example.Reactiv;
				PRODUCT_NAME = "$(TARGET_NAME)";
				STRING_CATALOG_GENERATE_SYMBOLS = YES;
				SWIFT_APPROACHABLE_CONCURRENCY = YES;
				SWIFT_DEFAULT_ACTOR_ISOLATION = MainActor;
				SWIFT_EMIT_LOC_STRINGS = YES;
				SWIFT_UPCOMING_FEATURE_MEMBER_IMPORT_VISIBILITY = YES;
				TARGETED_DEVICE_FAMILY = "1,2";
			};
			name = Debug;
		};
		AEFD69DF2F1058A5004D6548 /* Release */ = {
			isa = XCBuildConfiguration;
			buildSettings = {
				ASSETCATALOG_COMPILER_APPICON_NAME = AppIcon;
				ASSETCATALOG_COMPILER_GLOBAL_ACCENT_COLOR_NAME = AccentColor;
				CODE_SIGN_STYLE = Automatic;
				CURRENT_PROJECT_VERSION = 1;
				ENABLE_PREVIEWS = YES;
				GENERATE_INFOPLIST_FILE = YES;
				INFOPLIST_KEY_UIApplicationSceneManifest_Generation = YES;
				INFOPLIST_KEY_UIApplicationSupportsIndirectInputEvents = YES;
				INFOPLIST_KEY_UILaunchScreen_Generation = YES;
				INFOPLIST_KEY_UISupportedInterfaceOrientations_iPad = "UIInterfaceOrientationPortrait UIInterfaceOrientationPortraitUpsideDown UIInterfaceOrientationLandscapeLeft UIInterfaceOrientationLandscapeRight";
				INFOPLIST_KEY_UISupportedInterfaceOrientations_iPhone = "UIInterfaceOrientationPortrait UIInterfaceOrientationLandscapeLeft UIInterfaceOrientationLandscapeRight";
				LD_RUNPATH_SEARCH_PATHS = (
					"$(inherited)",
					"@executable_path/Frameworks",
				);
				MARKETING_VERSION = 1.0;
				PRODUCT_BUNDLE_IDENTIFIER = com.example.Reactiv;
				PRODUCT_NAME = "$(TARGET_NAME)";
				STRING_CATALOG_GENERATE_SYMBOLS = YES;
				SWIFT_APPROACHABLE_CONCURRENCY = YES;
				SWIFT_DEFAULT_ACTOR_ISOLATION = MainActor;
				SWIFT_EMIT_LOC_STRINGS = YES;
				SWIFT_UPCOMING_FEATURE_MEMBER_IMPORT_VISIBILITY = YES;
				TARGETED_DEVICE_FAMILY = "1,2";
			};
			name = Release;
		};
		AEFD69F82F105903004D6548 /* Debug */ = {
			isa = XCBuildConfiguration;
			buildSettings = {
				ASSETCATALOG_COMPILER_APPICON_NAME = AppIcon;
				ASSETCATALOG_COMPILER_GLOBAL_ACCENT_COLOR_NAME = AccentColor;
				CODE_SIGN_ENTITLEMENTS = ReactivAppClip/ReactivAppClip.entitlements;
				CODE_SIGN_STYLE = Automatic;
				CURRENT_PROJECT_VERSION = 1;
				ENABLE_PREVIEWS = YES;
				GENERATE_INFOPLIST_FILE = YES;
				INFOPLIST_FILE = ReactivAppClip/Info.plist;
				INFOPLIST_KEY_CFBundleDisplayName = Reactiv;
				INFOPLIST_KEY_UIApplicationSceneManifest_Generation = YES;
				INFOPLIST_KEY_UIApplicationSupportsIndirectInputEvents = YES;
				INFOPLIST_KEY_UILaunchScreen_Generation = YES;
				INFOPLIST_KEY_UISupportedInterfaceOrientations_iPad = "UIInterfaceOrientationPortrait UIInterfaceOrientationPortraitUpsideDown UIInterfaceOrientationLandscapeLeft UIInterfaceOrientationLandscapeRight";
				INFOPLIST_KEY_UISupportedInterfaceOrientations_iPhone = "UIInterfaceOrientationPortrait UIInterfaceOrientationLandscapeLeft UIInterfaceOrientationLandscapeRight";
				LD_RUNPATH_SEARCH_PATHS = (
					"$(inherited)",
					"@executable_path/Frameworks",
				);
				MARKETING_VERSION = 1.0;
				PRODUCT_BUNDLE_IDENTIFIER = com.example.Reactiv.Clip;
				PRODUCT_NAME = "$(TARGET_NAME)";
				STRING_CATALOG_GENERATE_SYMBOLS = YES;
				SWIFT_APPROACHABLE_CONCURRENCY = YES;
				SWIFT_DEFAULT_ACTOR_ISOLATION = MainActor;
				SWIFT_EMIT_LOC_STRINGS = YES;
				SWIFT_UPCOMING_FEATURE_MEMBER_IMPORT_VISIBILITY = YES;
				TARGETED_DEVICE_FAMILY = "1,2";
			};
			name = Debug;
		};
		AEFD69F92F105903004D6548 /* Release */ = {
			isa = XCBuildConfiguration;
			buildSettings = {
				ASSETCATALOG_COMPILER_APPICON_NAME = AppIcon;
				ASSETCATALOG_COMPILER_GLOBAL_ACCENT_COLOR_NAME = AccentColor;
				CODE_SIGN_ENTITLEMENTS = ReactivAppClip/ReactivAppClip.entitlements;
				CODE_SIGN_STYLE = Automatic;
				CURRENT_PROJECT_VERSION = 1;
				ENABLE_PREVIEWS = YES;
				GENERATE_INFOPLIST_FILE = YES;
				INFOPLIST_FILE = ReactivAppClip/Info.plist;
				INFOPLIST_KEY_CFBundleDisplayName = Reactiv;
				INFOPLIST_KEY_UIApplicationSceneManifest_Generation = YES;
				INFOPLIST_KEY_UIApplicationSupportsIndirectInputEvents = YES;
				INFOPLIST_KEY_UILaunchScreen_Generation = YES;
				INFOPLIST_KEY_UISupportedInterfaceOrientations_iPad = "UIInterfaceOrientationPortrait UIInterfaceOrientationPortraitUpsideDown UIInterfaceOrientationLandscapeLeft UIInterfaceOrientationLandscapeRight";
				INFOPLIST_KEY_UISupportedInterfaceOrientations_iPhone = "UIInterfaceOrientationPortrait UIInterfaceOrientationLandscapeLeft UIInterfaceOrientationLandscapeRight";
				LD_RUNPATH_SEARCH_PATHS = (
					"$(inherited)",
					"@executable_path/Frameworks",
				);
				MARKETING_VERSION = 1.0;
				PRODUCT_BUNDLE_IDENTIFIER = com.example.Reactiv.Clip;
				PRODUCT_NAME = "$(TARGET_NAME)";
				STRING_CATALOG_GENERATE_SYMBOLS = YES;
				SWIFT_APPROACHABLE_CONCURRENCY = YES;
				SWIFT_DEFAULT_ACTOR_ISOLATION = MainActor;
				SWIFT_EMIT_LOC_STRINGS = YES;
				SWIFT_UPCOMING_FEATURE_MEMBER_IMPORT_VISIBILITY = YES;
				TARGETED_DEVICE_FAMILY = "1,2";
			};
			name = Release;
		};
/* End XCBuildConfiguration section */

/* Begin XCConfigurationList section */
		AEEFBA372F1478DC0081C5ED /* Build configuration list for PBXNativeTarget "ReactivTests" */ = {
			isa = XCConfigurationList;
			buildConfigurations = (
				AEEFBA352F1478DC0081C5ED /* Debug */,
				AEEFBA362F1478DC0081C5ED /* Release */,
			);
			defaultConfigurationIsVisible = 0;
			defaultConfigurationName = Release;
		};
		AEFD69CD2F1058A4004D6548 /* Build configuration list for PBXProject "Reactiv" */ = {
			isa = XCConfigurationList;
			buildConfigurations = (
				AEFD69DB2F1058A5004D6548 /* Debug */,
				AEFD69DC2F1058A5004D6548 /* Release */,
			);
			defaultConfigurationIsVisible = 0;
			defaultConfigurationName = Release;
		};
		AEFD69DD2F1058A5004D6548 /* Build configuration list for PBXNativeTarget "Reactiv" */ = {
			isa = XCConfigurationList;
			buildConfigurations = (
				AEFD69DE2F1058A5004D6548 /* Debug */,
				AEFD69DF2F1058A5004D6548 /* Release */,
			);
			defaultConfigurationIsVisible = 0;
			defaultConfigurationName = Release;
		};
		AEFD69FB2F105903004D6548 /* Build configuration list for PBXNativeTarget "ReactivAppClip" */ = {
			isa = XCConfigurationList;
			buildConfigurations = (
				AEFD69F82F105903004D6548 /* Debug */,
				AEFD69F92F105903004D6548 /* Release */,
			);
			defaultConfigurationIsVisible = 0;
			defaultConfigurationName = Release;
		};
/* End XCConfigurationList section */
	};
	rootObject = AEFD69CA2F1058A4004D6548 /* Project object */;
}
